// !$*UTF8*$!
{
	archiveVersion = 1;
	classes = {
	};
	objectVersion = 77;
	objects = {

/* Begin PBXContainerItemProxy section */
		BF78C26E2EC6750500EBC0FB /* PBXContainerItemProxy */ = {
			isa = PBXContainerItemProxy;
			containerPortal = BF78C2532EC674F800EBC0FB /* Project object */;
			proxyType = 1;
			remoteGlobalIDString = BF78C25A2EC674F900EBC0FB;
			remoteInfo = Calo;
		};
		BF78C2782EC6750500EBC0FB /* PBXContainerItemProxy */ = {
			isa = PBXContainerItemProxy;
			containerPortal = BF78C2532EC674F800EBC0FB /* Project object */;
			proxyType = 1;
			remoteGlobalIDString = BF78C25A2EC674F900EBC0FB;
			remoteInfo = Calo;
		};
/* End PBXContainerItemProxy section */

/* Begin PBXFileReference section */
		BF78C25B2EC674F900EBC0FB /* Calo.app */ = {isa = PBXFileReference; explicitFileType = wrapper.application; includeInIndex = 0; path = Calo.app; sourceTree = BUILT_PRODUCTS_DIR; };
		BF78C26D2EC6750500EBC0FB /* CaloTests.xctest */ = {isa = PBXFileReference; explicitFileType = wrapper.cfbundle; includeInIndex = 0; path = CaloTests.xctest; sourceTree = BUILT_PRODUCTS_DIR; };
		BF78C2772EC6750500EBC0FB /* CaloUITests.xctest */ = {isa = PBXFileReference; explicitFileType = wrapper.cfbundle; includeInIndex = 0; path = CaloUITests.xctest; sourceTree = BUILT_PRODUCTS_DIR; };
/* End PBXFileReference section */

/* Begin PBXFileSystemSynchronizedBuildFileExceptionSet section */
		BF37B6842EC7F82800D6A752 /* Exceptions for "Calo" folder in "CaloTests" target */ = {
			isa = PBXFileSystemSynchronizedBuildFileExceptionSet;
			membershipExceptions = (
				"Models/CoreML/mobilenetv2_food101-v1.2.mlpackage",
			);
			target = BF78C26C2EC6750500EBC0FB /* CaloTests */;
		};
		BF37B6852EC7F82800D6A752 /* Exceptions for "Calo" folder in "CaloUITests" target */ = {
			isa = PBXFileSystemSynchronizedBuildFileExceptionSet;
			membershipExceptions = (
				"Models/CoreML/mobilenetv2_food101-v1.2.mlpackage",
			);
			target = BF78C2762EC6750500EBC0FB /* CaloUITests */;
		};
/* End PBXFileSystemSynchronizedBuildFileExceptionSet section */

/* Begin PBXFileSystemSynchronizedRootGroup section */
		BF78C25D2EC674F900EBC0FB /* Calo */ = {
			isa = PBXFileSystemSynchronizedRootGroup;
			exceptions = (
				BF37B6842EC7F82800D6A752 /* Exceptions for "Calo" folder in "CaloTests" target */,
				BF37B6852EC7F82800D6A752 /* Exceptions for "Calo" folder in "CaloUITests" target */,
			);
			path = Calo;
			sourceTree = "<group>";
		};
		BF78C2702EC6750500EBC0FB /* CaloTests */ = {
			isa = PBXFileSystemSynchronizedRootGroup;
			path = CaloTests;
			sourceTree = "<group>";
		};
		BF78C27A2EC6750500EBC0FB /* CaloUITests */ = {
			isa = PBXFileSystemSynchronizedRootGroup;
			path = CaloUITests;
			sourceTree = "<group>";
		};
/* End PBXFileSystemSynchronizedRootGroup section */

/* Begin PBXFrameworksBuildPhase section */
		BF78C2582EC674F900EBC0FB /* Frameworks */ = {
			isa = PBXFrameworksBuildPhase;
			buildActionMask = 2147483647;
			files = (
			);
			runOnlyForDeploymentPostprocessing = 0;
		};
		BF78C26A2EC6750500EBC0FB /* Frameworks */ = {
			isa = PBXFrameworksBuildPhase;
			buildActionMask = 2147483647;
			files = (
			);
			runOnlyForDeploymentPostprocessing = 0;
		};
		BF78C2742EC6750500EBC0FB /* Frameworks */ = {
			isa = PBXFrameworksBuildPhase;
			buildActionMask = 2147483647;
			files = (
			);
			runOnlyForDeploymentPostprocessing = 0;
		};
/* End PBXFrameworksBuildPhase section */

/* Begin PBXGroup section */
		BF78C2522EC674F800EBC0FB = {
			isa = PBXGroup;
			children = (
				BF78C25D2EC674F900EBC0FB /* Calo */,
				BF78C2702EC6750500EBC0FB /* CaloTests */,
				BF78C27A2EC6750500EBC0FB /* CaloUITests */,
				BF78C25C2EC674F900EBC0FB /* Products */,
			);
			sourceTree = "<group>";
		};
		BF78C25C2EC674F900EBC0FB /* Products */ = {
			isa = PBXGroup;
			children = (
				BF78C25B2EC674F900EBC0FB /* Calo.app */,
				BF78C26D2EC6750500EBC0FB /* CaloTests.xctest */,
				BF78C2772EC6750500EBC0FB /* CaloUITests.xctest */,
			);
			name = Products;
			sourceTree = "<group>";
		};
/* End PBXGroup section */

/* Begin PBXNativeTarget section */
		BF78C25A2EC674F900EBC0FB /* Calo */ = {
			isa = PBXNativeTarget;
			buildConfigurationList = BF78C2812EC6750500EBC0FB /* Build configuration list for PBXNativeTarget "Calo" */;
			buildPhases = (
				BF78C2572EC674F900EBC0FB /* Sources */,
				BF78C2582EC674F900EBC0FB /* Frameworks */,
				BF78C2592EC674F900EBC0FB /* Resources */,
			);
			buildRules = (
			);
			dependencies = (
			);
			fileSystemSynchronizedGroups = (
				BF78C25D2EC674F900EBC0FB /* Calo */,
			);
			name = Calo;
			packageProductDependencies = (
			);
			productName = Calo;
			productReference = BF78C25B2EC674F900EBC0FB /* Calo.app */;
			productType = "com.apple.product-type.application";
		};
		BF78C26C2EC6750500EBC0FB /* CaloTests */ = {
			isa = PBXNativeTarget;
			buildConfigurationList = BF78C2842EC6750500EBC0FB /* Build configuration list for PBXNativeTarget "CaloTests" */;
			buildPhases = (
				BF78C2692EC6750500EBC0FB /* Sources */,
				BF78C26A2EC6750500EBC0FB /* Frameworks */,
				BF78C26B2EC6750500EBC0FB /* Resources */,
			);
			buildRules = (
			);
			dependencies = (
				BF78C26F2EC6750500EBC0FB /* PBXTargetDependency */,
			);
			fileSystemSynchronizedGroups = (
				BF78C2702EC6750500EBC0FB /* CaloTests */,
			);
			name = CaloTests;
			packageProductDependencies = (
			);
			productName = CaloTests;
			productReference = BF78C26D2EC6750500EBC0FB /* CaloTests.xctest */;
			productType = "com.apple.product-type.bundle.unit-test";
		};
		BF78C2762EC6750500EBC0FB /* CaloUITests */ = {
			isa = PBXNativeTarget;
			buildConfigurationList = BF78C2872EC6750500EBC0FB /* Build configuration list for PBXNativeTarget "CaloUITests" */;
			buildPhases = (
				BF78C2732EC6750500EBC0FB /* Sources */,
				BF78C2742EC6750500EBC0FB /* Frameworks */,
				BF78C2752EC6750500EBC0FB /* Resources */,
			);
			buildRules = (
			);
			dependencies = (
				BF78C2792EC6750500EBC0FB /* PBXTargetDependency */,
			);
			fileSystemSynchronizedGroups = (
				BF78C27A2EC6750500EBC0FB /* CaloUITests */,
			);
			name = CaloUITests;
			packageProductDependencies = (
			);
			productName = CaloUITests;
			productReference = BF78C2772EC6750500EBC0FB /* CaloUITests.xctest */;
			productType = "com.apple.product-type.bundle.ui-testing";
		};
/* End PBXNativeTarget section */

/* Begin PBXProject section */
		BF78C2532EC674F800EBC0FB /* Project object */ = {
			isa = PBXProject;
			attributes = {
				BuildIndependentTargetsInParallel = 1;
				LastSwiftUpdateCheck = 1640;
				LastUpgradeCheck = 1640;
				TargetAttributes = {
					BF78C25A2EC674F900EBC0FB = {
						CreatedOnToolsVersion = 16.4;
					};
					BF78C26C2EC6750500EBC0FB = {
						CreatedOnToolsVersion = 16.4;
						TestTargetID = BF78C25A2EC674F900EBC0FB;
					};
					BF78C2762EC6750500EBC0FB = {
						CreatedOnToolsVersion = 16.4;
						TestTargetID = BF78C25A2EC674F900EBC0FB;
					};
				};
			};
			buildConfigurationList = BF78C2562EC674F900EBC0FB /* Build configuration list for PBXProject "Calo" */;
			developmentRegion = en;
			hasScannedForEncodings = 0;
			knownRegions = (
				en,
				Base,
			);
			mainGroup = BF78C2522EC674F800EBC0FB;
			minimizedProjectReferenceProxies = 1;
			preferredProjectObjectVersion = 77;
			productRefGroup = BF78C25C2EC674F900EBC0FB /* Products */;
			projectDirPath = "";
			projectRoot = "";
			targets = (
				BF78C25A2EC674F900EBC0FB /* Calo */,
				BF78C26C2EC6750500EBC0FB /* CaloTests */,
				BF78C2762EC6750500EBC0FB /* CaloUITests */,
			);
		};
/* End PBXProject section */

/* Begin PBXResourcesBuildPhase section */
		BF78C2592EC674F900EBC0FB /* Resources */ = {
			isa = PBXResourcesBuildPhase;
			buildActionMask = 2147483647;
			files = (
			);
			runOnlyForDeploymentPostprocessing = 0;
		};
		BF78C26B2EC6750500EBC0FB /* Resources */ = {
			isa = PBXResourcesBuildPhase;
			buildActionMask = 2147483647;
			files = (
			);
			runOnlyForDeploymentPostprocessing = 0;
		};
		BF78C2752EC6750500EBC0FB /* Resources */ = {
			isa = PBXResourcesBuildPhase;
			buildActionMask = 2147483647;
			files = (
			);
			runOnlyForDeploymentPostprocessing = 0;
		};
/* End PBXResourcesBuildPhase section */

/* Begin PBXSourcesBuildPhase section */
		BF78C2572EC674F900EBC0FB /* Sources */ = {
			isa = PBXSourcesBuildPhase;
			buildActionMask = 2147483647;
			files = (
			);
			runOnlyForDeploymentPostprocessing = 0;
		};
		BF78C2692EC6750500EBC0FB /* Sources */ = {
			isa = PBXSourcesBuildPhase;
			buildActionMask = 2147483647;
			files = (
			);
			runOnlyForDeploymentPostprocessing = 0;
		};
		BF78C2732EC6750500EBC0FB /* Sources */ = {
			isa = PBXSourcesBuildPhase;
			buildActionMask = 2147483647;
			files = (
			);
			runOnlyForDeploymentPostprocessing = 0;
		};
/* End PBXSourcesBuildPhase section */

/* Begin PBXTargetDependency section */
		BF78C26F2EC6750500EBC0FB /* PBXTargetDependency */ = {
			isa = PBXTargetDependency;
			target = BF78C25A2EC674F900EBC0FB /* Calo */;
			targetProxy = BF78C26E2EC6750500EBC0FB /* PBXContainerItemProxy */;
		};
		BF78C2792EC6750500EBC0FB /* PBXTargetDependency */ = {
			isa = PBXTargetDependency;
			target = BF78C25A2EC674F900EBC0FB /* Calo */;
			targetProxy = BF78C2782EC6750500EBC0FB /* PBXContainerItemProxy */;
		};
/* End PBXTargetDependency section */

/* Begin XCBuildConfiguration section */
		BF78C27F2EC6750500EBC0FB /* Debug */ = {
			isa = XCBuildConfiguration;
			buildSettings = {
				ALWAYS_SEARCH_USER_PATHS = NO;
				ASSETCATALOG_COMPILER_GENERATE_SWIFT_ASSET_SYMBOL_EXTENSIONS = YES;
				CLANG_ANALYZER_NONNULL = YES;
				CLANG_ANALYZER_NUMBER_OBJECT_CONVERSION = YES_AGGRESSIVE;
				CLANG_CXX_LANGUAGE_STANDARD = "gnu++20";
				CLANG_ENABLE_MODULES = YES;
				CLANG_ENABLE_OBJC_ARC = YES;
				CLANG_ENABLE_OBJC_WEAK = YES;
				CLANG_WARN_BLOCK_CAPTURE_AUTORELEASING = YES;
				CLANG_WARN_BOOL_CONVERSION = YES;
				CLANG_WARN_COMMA = YES;
				CLANG_WARN_CONSTANT_CONVERSION = YES;
				CLANG_WARN_DEPRECATED_OBJC_IMPLEMENTATIONS = YES;
				CLANG_WARN_DIRECT_OBJC_ISA_USAGE = YES_ERROR;
				CLANG_WARN_DOCUMENTATION_COMMENTS = YES;
				CLANG_WARN_EMPTY_BODY = YES;
				CLANG_WARN_ENUM_CONVERSION = YES;
				CLANG_WARN_INFINITE_RECURSION = YES;
				CLANG_WARN_INT_CONVERSION = YES;
				CLANG_WARN_NON_LITERAL_NULL_CONVERSION = YES;
				CLANG_WARN_OBJC_IMPLICIT_RETAIN_SELF = YES;
				CLANG_WARN_OBJC_LITERAL_CONVERSION = YES;
				CLANG_WARN_OBJC_ROOT_CLASS = YES_ERROR;
				CLANG_WARN_QUOTED_INCLUDE_IN_FRAMEWORK_HEADER = YES;
				CLANG_WARN_RANGE_LOOP_ANALYSIS = YES;
				CLANG_WARN_STRICT_PROTOTYPES = YES;
				CLANG_WARN_SUSPICIOUS_MOVE = YES;
				CLANG_WARN_UNGUARDED_AVAILABILITY = YES_AGGRESSIVE;
				CLANG_WARN_UNREACHABLE_CODE = YES;
				CLANG_WARN__DUPLICATE_METHOD_MATCH = YES;
				COPY_PHASE_STRIP = NO;
				DEBUG_INFORMATION_FORMAT = dwarf;
				DEVELOPMENT_TEAM = P5CL889E2L;
				ENABLE_STRICT_OBJC_MSGSEND = YES;
				ENABLE_TESTABILITY = YES;
				ENABLE_USER_SCRIPT_SANDBOXING = YES;
				GCC_C_LANGUAGE_STANDARD = gnu17;
				GCC_DYNAMIC_NO_PIC = NO;
				GCC_NO_COMMON_BLOCKS = YES;
				GCC_OPTIMIZATION_LEVEL = 0;
				GCC_PREPROCESSOR_DEFINITIONS = (
					"DEBUG=1",
					"$(inherited)",
				);
				GCC_WARN_64_TO_32_BIT_CONVERSION = YES;
				GCC_WARN_ABOUT_RETURN_TYPE = YES_ERROR;
				GCC_WARN_UNDECLARED_SELECTOR = YES;
				GCC_WARN_UNINITIALIZED_AUTOS = YES_AGGRESSIVE;
				GCC_WARN_UNUSED_FUNCTION = YES;
				GCC_WARN_UNUSED_VARIABLE = YES;
				IPHONEOS_DEPLOYMENT_TARGET = 18.5;
				LOCALIZATION_PREFERS_STRING_CATALOGS = YES;
				MTL_ENABLE_DEBUG_INFO = INCLUDE_SOURCE;
				MTL_FAST_MATH = YES;
				ONLY_ACTIVE_ARCH = YES;
				SDKROOT = iphoneos;
				SWIFT_ACTIVE_COMPILATION_CONDITIONS = "DEBUG $(inherited)";
				SWIFT_OPTIMIZATION_LEVEL = "-Onone";
			};
			name = Debug;
		};
		BF78C2802EC6750500EBC0FB /* Release */ = {
			isa = XCBuildConfiguration;
			buildSettings = {
				ALWAYS_SEARCH_USER_PATHS = NO;
				ASSETCATALOG_COMPILER_GENERATE_SWIFT_ASSET_SYMBOL_EXTENSIONS = YES;
				CLANG_ANALYZER_NONNULL = YES;
				CLANG_ANALYZER_NUMBER_OBJECT_CONVERSION = YES_AGGRESSIVE;
				CLANG_CXX_LANGUAGE_STANDARD = "gnu++20";
				CLANG_ENABLE_MODULES = YES;
				CLANG_ENABLE_OBJC_ARC = YES;
				CLANG_ENABLE_OBJC_WEAK = YES;
				CLANG_WARN_BLOCK_CAPTURE_AUTORELEASING = YES;
				CLANG_WARN_BOOL_CONVERSION = YES;
				CLANG_WARN_COMMA = YES;
				CLANG_WARN_CONSTANT_CONVERSION = YES;
				CLANG_WARN_DEPRECATED_OBJC_IMPLEMENTATIONS = YES;
				CLANG_WARN_DIRECT_OBJC_ISA_USAGE = YES_ERROR;
				CLANG_WARN_DOCUMENTATION_COMMENTS = YES;
				CLANG_WARN_EMPTY_BODY = YES;
				CLANG_WARN_ENUM_CONVERSION = YES;
				CLANG_WARN_INFINITE_RECURSION = YES;
				CLANG_WARN_INT_CONVERSION = YES;
				CLANG_WARN_NON_LITERAL_NULL_CONVERSION = YES;
				CLANG_WARN_OBJC_IMPLICIT_RETAIN_SELF = YES;
				CLANG_WARN_OBJC_LITERAL_CONVERSION = YES;
				CLANG_WARN_OBJC_ROOT_CLASS = YES_ERROR;
				CLANG_WARN_QUOTED_INCLUDE_IN_FRAMEWORK_HEADER = YES;
				CLANG_WARN_RANGE_LOOP_ANALYSIS = YES;
				CLANG_WARN_STRICT_PROTOTYPES = YES;
				CLANG_WARN_SUSPICIOUS_MOVE = YES;
				CLANG_WARN_UNGUARDED_AVAILABILITY = YES_AGGRESSIVE;
				CLANG_WARN_UNREACHABLE_CODE = YES;
				CLANG_WARN__DUPLICATE_METHOD_MATCH = YES;
				COPY_PHASE_STRIP = NO;
				DEBUG_INFORMATION_FORMAT = "dwarf-with-dsym";
				DEVELOPMENT_TEAM = P5CL889E2L;
				ENABLE_NS_ASSERTIONS = NO;
				ENABLE_STRICT_OBJC_MSGSEND = YES;
				ENABLE_USER_SCRIPT_SANDBOXING = YES;
				GCC_C_LANGUAGE_STANDARD = gnu17;
				GCC_NO_COMMON_BLOCKS = YES;
				GCC_WARN_64_TO_32_BIT_CONVERSION = YES;
				GCC_WARN_ABOUT_RETURN_TYPE = YES_ERROR;
				GCC_WARN_UNDECLARED_SELECTOR = YES;
				GCC_WARN_UNINITIALIZED_AUTOS = YES_AGGRESSIVE;
				GCC_WARN_UNUSED_FUNCTION = YES;
				GCC_WARN_UNUSED_VARIABLE = YES;
				IPHONEOS_DEPLOYMENT_TARGET = 15.0;
				LOCALIZATION_PREFERS_STRING_CATALOGS = YES;
				MTL_ENABLE_DEBUG_INFO = NO;
				MTL_FAST_MATH = YES;
				SDKROOT = iphoneos;
				SWIFT_COMPILATION_MODE = wholemodule;
				VALIDATE_PRODUCT = YES;
			};
			name = Release;
		};
		BF78C2822EC6750500EBC0FB /* Debug */ = {
			isa = XCBuildConfiguration;
			buildSettings = {
				ASSETCATALOG_COMPILER_APPICON_NAME = AppIcon;
				ASSETCATALOG_COMPILER_GLOBAL_ACCENT_COLOR_NAME = AccentColor;
				CODE_SIGN_STYLE = Automatic;
				CURRENT_PROJECT_VERSION = 1;
				DEVELOPMENT_TEAM = P5CL889E2L;
				ENABLE_PREVIEWS = YES;
				GENERATE_INFOPLIST_FILE = YES;
				INFOPLIST_KEY_NSCameraUsageDescription = "We need camera access to scan and identify food items for calorie tracking.";
				INFOPLIST_KEY_UIApplicationSceneManifest_Generation = YES;
				INFOPLIST_KEY_UIApplicationSupportsIndirectInputEvents = YES;
				INFOPLIST_KEY_UILaunchScreen_Generation = YES;
				INFOPLIST_KEY_UISupportedInterfaceOrientations_iPad = "UIInterfaceOrientationPortrait UIInterfaceOrientationPortraitUpsideDown UIInterfaceOrientationLandscapeLeft UIInterfaceOrientationLandscapeRight";
				INFOPLIST_KEY_UISupportedInterfaceOrientations_iPhone = "UIInterfaceOrientationPortrait UIInterfaceOrientationLandscapeLeft UIInterfaceOrientationLandscapeRight";
				LD_RUNPATH_SEARCH_PATHS = (
					"$(inherited)",
					"@executable_path/Frameworks",
				);
				MARKETING_VERSION = 1.0;
				PRODUCT_BUNDLE_IDENTIFIER = com.awaisurrehman.Calo;
				PRODUCT_NAME = "$(TARGET_NAME)";
				SWIFT_EMIT_LOC_STRINGS = YES;
				SWIFT_VERSION = 5.0;
				TARGETED_DEVICE_FAMILY = "1,2";
			};
			name = Debug;
		};
		BF78C2832EC6750500EBC0FB /* Release */ = {
			isa = XCBuildConfiguration;
			buildSettings = {
				ASSETCATALOG_COMPILER_APPICON_NAME = AppIcon;
				ASSETCATALOG_COMPILER_GLOBAL_ACCENT_COLOR_NAME = AccentColor;
				CODE_SIGN_STYLE = Automatic;
				CURRENT_PROJECT_VERSION = 1;
				DEVELOPMENT_TEAM = P5CL889E2L;
				ENABLE_PREVIEWS = YES;
				GENERATE_INFOPLIST_FILE = YES;
				INFOPLIST_KEY_NSCameraUsageDescription = "We need camera access to scan and identify food items for calorie tracking.";
				INFOPLIST_KEY_UIApplicationSceneManifest_Generation = YES;
				INFOPLIST_KEY_UIApplicationSupportsIndirectInputEvents = YES;
				INFOPLIST_KEY_UILaunchScreen_Generation = YES;
				INFOPLIST_KEY_UISupportedInterfaceOrientations_iPad = "UIInterfaceOrientationPortrait UIInterfaceOrientationPortraitUpsideDown UIInterfaceOrientationLandscapeLeft UIInterfaceOrientationLandscapeRight";
				INFOPLIST_KEY_UISupportedInterfaceOrientations_iPhone = "UIInterfaceOrientationPortrait UIInterfaceOrientationLandscapeLeft UIInterfaceOrientationLandscapeRight";
				LD_RUNPATH_SEARCH_PATHS = (
					"$(inherited)",
					"@executable_path/Frameworks",
				);
				MARKETING_VERSION = 1.0;
				PRODUCT_BUNDLE_IDENTIFIER = com.awaisurrehman.Calo;
				PRODUCT_NAME = "$(TARGET_NAME)";
				SWIFT_EMIT_LOC_STRINGS = YES;
				SWIFT_VERSION = 5.0;
				TARGETED_DEVICE_FAMILY = "1,2";
			};
			name = Release;
		};
		BF78C2852EC6750500EBC0FB /* Debug */ = {
			isa = XCBuildConfiguration;
			buildSettings = {
				BUNDLE_LOADER = "$(TEST_HOST)";
				CODE_SIGN_STYLE = Automatic;
				CURRENT_PROJECT_VERSION = 1;
				DEVELOPMENT_TEAM = P5CL889E2L;
				GENERATE_INFOPLIST_FILE = YES;
				IPHONEOS_DEPLOYMENT_TARGET = 15.0;
				MARKETING_VERSION = 1.0;
				PRODUCT_BUNDLE_IDENTIFIER = com.awaisurrehman.CaloTests;
				PRODUCT_NAME = "$(TARGET_NAME)";
				SWIFT_EMIT_LOC_STRINGS = NO;
				SWIFT_VERSION = 5.0;
				TARGETED_DEVICE_FAMILY = "1,2";
				TEST_HOST = "$(BUILT_PRODUCTS_DIR)/Calo.app/$(BUNDLE_EXECUTABLE_FOLDER_PATH)/Calo";
			};
			name = Debug;
		};
		BF78C2862EC6750500EBC0FB /* Release */ = {
			isa = XCBuildConfiguration;
			buildSettings = {
				BUNDLE_LOADER = "$(TEST_HOST)";
				CODE_SIGN_STYLE = Automatic;
				CURRENT_PROJECT_VERSION = 1;
				DEVELOPMENT_TEAM = P5CL889E2L;
				GENERATE_INFOPLIST_FILE = YES;
				IPHONEOS_DEPLOYMENT_TARGET = 15.0;
				MARKETING_VERSION = 1.0;
				PRODUCT_BUNDLE_IDENTIFIER = com.awaisurrehman.CaloTests;
				PRODUCT_NAME = "$(TARGET_NAME)";
				SWIFT_EMIT_LOC_STRINGS = NO;
				SWIFT_VERSION = 5.0;
				TARGETED_DEVICE_FAMILY = "1,2";
				TEST_HOST = "$(BUILT_PRODUCTS_DIR)/Calo.app/$(BUNDLE_EXECUTABLE_FOLDER_PATH)/Calo";
			};
			name = Release;
		};
		BF78C2882EC6750500EBC0FB /* Debug */ = {
			isa = XCBuildConfiguration;
			buildSettings = {
				CODE_SIGN_STYLE = Automatic;
				CURRENT_PROJECT_VERSION = 1;
				DEVELOPMENT_TEAM = P5CL889E2L;
				GENERATE_INFOPLIST_FILE = YES;
				MARKETING_VERSION = 1.0;
				PRODUCT_BUNDLE_IDENTIFIER = com.awaisurrehman.CaloUITests;
				PRODUCT_NAME = "$(TARGET_NAME)";
				SWIFT_EMIT_LOC_STRINGS = NO;
				SWIFT_VERSION = 5.0;
				TARGETED_DEVICE_FAMILY = "1,2";
				TEST_TARGET_NAME = Calo;
			};
			name = Debug;
		};
		BF78C2892EC6750500EBC0FB /* Release */ = {
			isa = XCBuildConfiguration;
			buildSettings = {
				CODE_SIGN_STYLE = Automatic;
				CURRENT_PROJECT_VERSION = 1;
				DEVELOPMENT_TEAM = P5CL889E2L;
				GENERATE_INFOPLIST_FILE = YES;
				MARKETING_VERSION = 1.0;
				PRODUCT_BUNDLE_IDENTIFIER = com.awaisurrehman.CaloUITests;
				PRODUCT_NAME = "$(TARGET_NAME)";
				SWIFT_EMIT_LOC_STRINGS = NO;
				SWIFT_VERSION = 5.0;
				TARGETED_DEVICE_FAMILY = "1,2";
				TEST_TARGET_NAME = Calo;
			};
			name = Release;
		};
/* End XCBuildConfiguration section */

/* Begin XCConfigurationList section */
		BF78C2562EC674F900EBC0FB /* Build configuration list for PBXProject "Calo" */ = {
			isa = XCConfigurationList;
			buildConfigurations = (
				BF78C27F2EC6750500EBC0FB /* Debug */,
				BF78C2802EC6750500EBC0FB /* Release */,
			);
			defaultConfigurationIsVisible = 0;
			defaultConfigurationName = Release;
		};
		BF78C2812EC6750500EBC0FB /* Build configuration list for PBXNativeTarget "Calo" */ = {
			isa = XCConfigurationList;
			buildConfigurations = (
				BF78C2822EC6750500EBC0FB /* Debug */,
				BF78C2832EC6750500EBC0FB /* Release */,
			);
			defaultConfigurationIsVisible = 0;
			defaultConfigurationName = Release;
		};
		BF78C2842EC6750500EBC0FB /* Build configuration list for PBXNativeTarget "CaloTests" */ = {
			isa = XCConfigurationList;
			buildConfigurations = (
				BF78C2852EC6750500EBC0FB /* Debug */,
				BF78C2862EC6750500EBC0FB /* Release */,
			);
			defaultConfigurationIsVisible = 0;
			defaultConfigurationName = Release;
		};
		BF78C2872EC6750500EBC0FB /* Build configuration list for PBXNativeTarget "CaloUITests" */ = {
			isa = XCConfigurationList;
			buildConfigurations = (
				BF78C2882EC6750500EBC0FB /* Debug */,
				BF78C2892EC6750500EBC0FB /* Release */,
			);
			defaultConfigurationIsVisible = 0;
			defaultConfigurationName = Release;
		};
/* End XCConfigurationList section */
	};
	rootObject = BF78C2532EC674F800EBC0FB /* Project object */;
}
